
Microsoft Visual Studio Solution File, Format Version 12.00
# Visual Studio Version 17
VisualStudioVersion = 17.4.33213.308
MinimumVisualStudioVersion = 10.0.40219.1
Project("{FAE04EC0-301F-11D3-BF4B-00C04F79EFBC}") = "myProject", "myProject\myProject.csproj", "{15561E23-1563-43BB-A272-DA912BE8C90A}"
EndProject
Global
	GlobalSection(SolutionConfigurationPlatforms) = preSolution
		Debug|Any CPU = Debug|Any CPU
		Release|Any CPU = Release|Any CPU
	EndGlobalSection
	GlobalSection(ProjectConfigurationPlatforms) = postSolution
		{15561E23-1563-43BB-A272-DA912BE8C90A}.Debug|Any CPU.ActiveCfg = Debug|Any CPU
		{15561E23-1563-43BB-A272-DA912BE8C90A}.Debug|Any CPU.Build.0 = Debug|Any CPU
		{15561E23-1563-43BB-A272-DA912BE8C90A}.Release|Any CPU.ActiveCfg = Release|Any CPU
		{15561E23-1563-43BB-A272-DA912BE8C90A}.Release|Any CPU.Build.0 = Release|Any CPU
	EndGlobalSection
	GlobalSection(SolutionProperties) = preSolution
		HideSolutionNode = FALSE
	EndGlobalSection
	GlobalSection(ExtensibilityGlobals) = postSolution
		SolutionGuid = {78E67B32-24C1-438A-9A66-B079A0B6ABB7}
	EndGlobalSection
EndGlobal
